{
    "name": "laravel-ecommerce",
    "lockfileVersion": 3,
    "requires": true,
    "packages": {
        "": {
            "dependencies": {
                "@ckeditor/ckeditor5-build-classic": "^38.0.1",
                "@popperjs/core": "^2.11.8",
                "bootstrap": "^5.3.0",
                "filepond": "^4.30.4",
                "filepond-plugin-file-validate-type": "^1.2.8",
                "filepond-plugin-image-exif-orientation": "^1.0.11",
                "filepond-plugin-image-preview": "^4.6.11",
                "filepond-plugin-image-validate-size": "^1.2.7",
                "izitoast": "^1.4.0",
                "sass": "^1.62.1",
                "stimulus-use": "^0.52.0",
                "sweetalert2": "^11.7.12"
            },
            "devDependencies": {
                "@hotwired/stimulus": "^3.1.0",
                "@hotwired/turbo": "^7.2.5",
                "axios": "^1.1.2",
                "laravel-echo": "^1.15.0",
                "laravel-vite-plugin": "^0.7.2",
                "lodash": "^4.17.19",
                "postcss": "^8.1.14",
                "pusher-js": "^8.0.1",
                "vite": "^4.3.9"
            }
        },
        "node_modules/@ckeditor/ckeditor5-adapter-ckfinder": {
            "version": "38.0.1",
            "resolved": "https://registry.npmjs.org/@ckeditor/ckeditor5-adapter-ckfinder/-/ckeditor5-adapter-ckfinder-38.0.1.tgz",
            "integrity": "sha512-Fbey8GYfFjsBl0TmdK0uI3b7RmpQpngqjiLaryQxvzlBMn6wUl2xEeLSmZzX+BmKLHPuPatwRJP7SzFwUCSEyA==",
            "dependencies": {
                "ckeditor5": "^38.0.1"
            },
            "engines": {
                "node": ">=16.0.0",
                "npm": ">=5.7.1"
            }
        },
        "node_modules/@ckeditor/ckeditor5-autoformat": {
            "version": "38.0.1",
            "resolved": "https://registry.npmjs.org/@ckeditor/ckeditor5-autoformat/-/ckeditor5-autoformat-38.0.1.tgz",
            "integrity": "sha512-yNV4Nh9Ltrr21sVE0yYUCKZZgwHrR719PkbU0KtiZMfX9MmJcHCqql3k8K0akiPwePMjs9HzfdEYZfuonzPUzg==",
            "dependencies": {
                "ckeditor5": "^38.0.1"
            },
            "engines": {
                "node": ">=16.0.0",
                "npm": ">=5.7.1"
            }
        },
        "node_modules/@ckeditor/ckeditor5-basic-styles": {
            "version": "38.0.1",
            "resolved": "https://registry.npmjs.org/@ckeditor/ckeditor5-basic-styles/-/ckeditor5-basic-styles-38.0.1.tgz",
            "integrity": "sha512-y5K7nbCtpjkKuimRnUa4oq1Xk7rCUMDlW/HUJew3vYKnS0YVfVc4cxRdw/daI70iRN88tQrxsy+xr/4dzzQCHQ==",
            "dependencies": {
                "ckeditor5": "^38.0.1"
            },
            "engines": {
                "node": ">=16.0.0",
                "npm": ">=5.7.1"
            }
        },
        "node_modules/@ckeditor/ckeditor5-block-quote": {
            "version": "38.0.1",
            "resolved": "https://registry.npmjs.org/@ckeditor/ckeditor5-block-quote/-/ckeditor5-block-quote-38.0.1.tgz",
            "integrity": "sha512-UL2sPeivNJuE7GpuNi8kS0O+DPcWKnHrefR9KRGknM9/oBtZJYqbSRUFOzmivdKjPTAlkTzpQgeoj+Ki1rXY7g==",
            "dependencies": {
                "ckeditor5": "^38.0.1"
            },
            "engines": {
                "node": ">=16.0.0",
                "npm": ">=5.7.1"
            }
        },
        "node_modules/@ckeditor/ckeditor5-build-classic": {
            "version": "38.0.1",
            "resolved": "https://registry.npmjs.org/@ckeditor/ckeditor5-build-classic/-/ckeditor5-build-classic-38.0.1.tgz",
            "integrity": "sha512-BtyVF17baNsA855JPO2N0DH/Di7tC8KkB+oSOXEztWPPeJhl5iVB9z7SMqF/wst2lgzYgLSThKEEp0Wy/SJE8w==",
            "dependencies": {
                "@ckeditor/ckeditor5-adapter-ckfinder": "^38.0.1",
                "@ckeditor/ckeditor5-autoformat": "^38.0.1",
                "@ckeditor/ckeditor5-basic-styles": "^38.0.1",
                "@ckeditor/ckeditor5-block-quote": "^38.0.1",
                "@ckeditor/ckeditor5-ckbox": "^38.0.1",
                "@ckeditor/ckeditor5-ckfinder": "^38.0.1",
                "@ckeditor/ckeditor5-cloud-services": "^38.0.1",
                "@ckeditor/ckeditor5-easy-image": "^38.0.1",
                "@ckeditor/ckeditor5-editor-classic": "^38.0.1",
                "@ckeditor/ckeditor5-essentials": "^38.0.1",
                "@ckeditor/ckeditor5-heading": "^38.0.1",
                "@ckeditor/ckeditor5-image": "^38.0.1",
                "@ckeditor/ckeditor5-indent": "^38.0.1",
                "@ckeditor/ckeditor5-link": "^38.0.1",
                "@ckeditor/ckeditor5-list": "^38.0.1",
                "@ckeditor/ckeditor5-media-embed": "^38.0.1",
                "@ckeditor/ckeditor5-paragraph": "^38.0.1",
                "@ckeditor/ckeditor5-paste-from-office": "^38.0.1",
                "@ckeditor/ckeditor5-table": "^38.0.1",
                "@ckeditor/ckeditor5-typing": "^38.0.1"
            },
            "engines": {
                "node": ">=16.0.0",
                "npm": ">=5.7.1"
            }
        },
        "node_modules/@ckeditor/ckeditor5-ckbox": {
            "version": "38.0.1",
            "resolved": "https://registry.npmjs.org/@ckeditor/ckeditor5-ckbox/-/ckeditor5-ckbox-38.0.1.tgz",
            "integrity": "sha512-pqY0FEjABIOZ4A7gSYNw36xvppes6NfVrK3WwW5vdwDqTRUiZq8NFDIAILx8yjOWJGEry6Awi9XJv1u/y9ejxA==",
            "dependencies": {
                "ckeditor5": "^38.0.1"
            },
            "engines": {
                "node": ">=16.0.0",
                "npm": ">=5.7.1"
            }
        },
        "node_modules/@ckeditor/ckeditor5-ckfinder": {
            "version": "38.0.1",
            "resolved": "https://registry.npmjs.org/@ckeditor/ckeditor5-ckfinder/-/ckeditor5-ckfinder-38.0.1.tgz",
            "integrity": "sha512-qTHTFE9RBXqE+e3MjAPItufqu+cXs1BwxlQBKCOmfjDaTCaTZM2S/atdV9e9SfMICge98yiiZVCS0M5SMPt36g==",
            "dependencies": {
                "ckeditor5": "^38.0.1"
            },
            "engines": {
                "node": ">=16.0.0",
                "npm": ">=5.7.1"
            }
        },
        "node_modules/@ckeditor/ckeditor5-clipboard": {
            "version": "38.0.1",
            "resolved": "https://registry.npmjs.org/@ckeditor/ckeditor5-clipboard/-/ckeditor5-clipboard-38.0.1.tgz",
            "integrity": "sha512-yAlif+UYoHH3gl/A1wNmXcMU98jJhmuLOSjVYWEIaVJQQbOtGesnDrDVXwST2KBZhyp/qBsblQnLyW4oqEJvug==",
            "dependencies": {
                "@ckeditor/ckeditor5-core": "^38.0.1",
                "@ckeditor/ckeditor5-engine": "^38.0.1",
                "@ckeditor/ckeditor5-ui": "^38.0.1",
                "@ckeditor/ckeditor5-utils": "^38.0.1",
                "@ckeditor/ckeditor5-widget": "^38.0.1",
                "lodash-es": "^4.17.15"
            },
            "engines": {
                "node": ">=16.0.0",
                "npm": ">=5.7.1"
            }
        },
        "node_modules/@ckeditor/ckeditor5-cloud-services": {
            "version": "38.0.1",
            "resolved": "https://registry.npmjs.org/@ckeditor/ckeditor5-cloud-services/-/ckeditor5-cloud-services-38.0.1.tgz",
            "integrity": "sha512-TEXzPGKFiIEZDyY2m8B8QnMbZPW6Msy1rExXLUPn+EzfQWh3ALrgYw7aUgcxhZP/yCektOk9x5o4AYnFEPU+tg==",
            "dependencies": {
                "ckeditor5": "^38.0.1"
            },
            "engines": {
                "node": ">=16.0.0",
                "npm": ">=5.7.1"
            }
        },
        "node_modules/@ckeditor/ckeditor5-core": {
            "version": "38.0.1",
            "resolved": "https://registry.npmjs.org/@ckeditor/ckeditor5-core/-/ckeditor5-core-38.0.1.tgz",
            "integrity": "sha512-DL3dp5Rlb0aGGtyQuE8AEQ/a1rfnQghNjn6EdOJhGlzt61JeP3hovY11JQQJ0qh8ZWDt//ZU2c5XmVqJeED08w==",
            "dependencies": {
                "@ckeditor/ckeditor5-engine": "^38.0.1",
                "@ckeditor/ckeditor5-utils": "^38.0.1",
                "lodash-es": "^4.17.15"
            },
            "engines": {
                "node": ">=16.0.0",
                "npm": ">=5.7.1"
            }
        },
        "node_modules/@ckeditor/ckeditor5-easy-image": {
            "version": "38.0.1",
            "resolved": "https://registry.npmjs.org/@ckeditor/ckeditor5-easy-image/-/ckeditor5-easy-image-38.0.1.tgz",
            "integrity": "sha512-zXcKWg/+4mV3gqxcgY0TgpxBmzLLCgIIpMjFF2sEuh+sXFgBv9mQKWL84T0EacdC4hibY/fmHDDVs0pcjdJ4zA==",
            "dependencies": {
                "ckeditor5": "^38.0.1"
            },
            "engines": {
                "node": ">=16.0.0",
                "npm": ">=5.7.1"
            }
        },
        "node_modules/@ckeditor/ckeditor5-editor-classic": {
            "version": "38.0.1",
            "resolved": "https://registry.npmjs.org/@ckeditor/ckeditor5-editor-classic/-/ckeditor5-editor-classic-38.0.1.tgz",
            "integrity": "sha512-jE1mKrFvW2Go8mlfp5Ei5Mk5CNCBVKUnbrO6nJJPZQBSVGGz9fAd1bu/OjS7KgE/B4JJd7cdc9i1+8KlGeeqjw==",
            "dependencies": {
                "ckeditor5": "^38.0.1",
                "lodash-es": "^4.17.15"
            },
            "engines": {
                "node": ">=16.0.0",
                "npm": ">=5.7.1"
            }
        },
        "node_modules/@ckeditor/ckeditor5-engine": {
            "version": "38.0.1",
            "resolved": "https://registry.npmjs.org/@ckeditor/ckeditor5-engine/-/ckeditor5-engine-38.0.1.tgz",
            "integrity": "sha512-7gGcSv1TQ78G1dc0IAknGkWCou1xWbuSmZwT40bcLWnF+vz7hYY1i1Hj4Npp8SLVMkyisiYCdiSJrJrHjvXnyg==",
            "dependencies": {
                "@ckeditor/ckeditor5-utils": "^38.0.1",
                "lodash-es": "^4.17.15"
            },
            "engines": {
                "node": ">=16.0.0",
                "npm": ">=5.7.1"
            }
        },
        "node_modules/@ckeditor/ckeditor5-enter": {
            "version": "38.0.1",
            "resolved": "https://registry.npmjs.org/@ckeditor/ckeditor5-enter/-/ckeditor5-enter-38.0.1.tgz",
            "integrity": "sha512-RIrx2eoV9k1JpHrXp9QdCKP0k+9jr3wqgplhdTj5Ae5BNZdulD4nFi+9NKOr4t9dHprL2RqcolD7DJtOD8I2GQ==",
            "dependencies": {
                "@ckeditor/ckeditor5-core": "^38.0.1",
                "@ckeditor/ckeditor5-engine": "^38.0.1",
                "@ckeditor/ckeditor5-utils": "^38.0.1"
            },
            "engines": {
                "node": ">=16.0.0",
                "npm": ">=5.7.1"
            }
        },
        "node_modules/@ckeditor/ckeditor5-essentials": {
            "version": "38.0.1",
            "resolved": "https://registry.npmjs.org/@ckeditor/ckeditor5-essentials/-/ckeditor5-essentials-38.0.1.tgz",
            "integrity": "sha512-V6DxWtC0CKVIK6BY4Dp6BqVf35pKJ0y2iNIUjStVosB0PaaIg8dHCHv+Y2DRgmM0EGYKih4zjzk7YVWuinHO9Q==",
            "dependencies": {
                "ckeditor5": "^38.0.1"
            },
            "engines": {
                "node": ">=16.0.0",
                "npm": ">=5.7.1"
            }
        },
        "node_modules/@ckeditor/ckeditor5-heading": {
            "version": "38.0.1",
            "resolved": "https://registry.npmjs.org/@ckeditor/ckeditor5-heading/-/ckeditor5-heading-38.0.1.tgz",
            "integrity": "sha512-pNGQyMAbinXZfk28kJJ5ITlEX7wlZ9zacFIaXbtEFUJpKgTYicDpBYMRc87548hP1Pombx/BJyMlJbhxUr4N5w==",
            "dependencies": {
                "ckeditor5": "^38.0.1"
            },
            "engines": {
                "node": ">=16.0.0",
                "npm": ">=5.7.1"
            }
        },
        "node_modules/@ckeditor/ckeditor5-image": {
            "version": "38.0.1",
            "resolved": "https://registry.npmjs.org/@ckeditor/ckeditor5-image/-/ckeditor5-image-38.0.1.tgz",
            "integrity": "sha512-/Jx3LRBDCw17/8I0PFqNWnDc0k1YZbuVjYSWLioff8HrV+aBx4N9PwVfiB0Q7y6Ss4GkWE/A5E1eMgAuiiVIIg==",
            "dependencies": {
                "@ckeditor/ckeditor5-ui": "^38.0.1",
                "ckeditor5": "^38.0.1",
                "lodash-es": "^4.17.15"
            },
            "engines": {
                "node": ">=16.0.0",
                "npm": ">=5.7.1"
            }
        },
        "node_modules/@ckeditor/ckeditor5-indent": {
            "version": "38.0.1",
            "resolved": "https://registry.npmjs.org/@ckeditor/ckeditor5-indent/-/ckeditor5-indent-38.0.1.tgz",
            "integrity": "sha512-pHjbqi6rbdg+V73/WV4cTfhD6CmgJDHuvAHNdJwz8SW7spvcj+gTBf7X+c5+ZSCCPY7BCO7lhSS27JhDgQ/CzA==",
            "dependencies": {
                "ckeditor5": "^38.0.1"
            },
            "engines": {
                "node": ">=16.0.0",
                "npm": ">=5.7.1"
            }
        },
        "node_modules/@ckeditor/ckeditor5-link": {
            "version": "38.0.1",
            "resolved": "https://registry.npmjs.org/@ckeditor/ckeditor5-link/-/ckeditor5-link-38.0.1.tgz",
            "integrity": "sha512-Ktu30/vw8ZUBJX6r5PWcDEKON6aggYQUIlyVG038abC+Fxipvd0wCiGoMOU/nUHsXqqKaNj66aB43FzfW1JURQ==",
            "dependencies": {
                "@ckeditor/ckeditor5-ui": "^38.0.1",
                "ckeditor5": "^38.0.1",
                "lodash-es": "^4.17.15"
            },
            "engines": {
                "node": ">=16.0.0",
                "npm": ">=5.7.1"
            }
        },
        "node_modules/@ckeditor/ckeditor5-list": {
            "version": "38.0.1",
            "resolved": "https://registry.npmjs.org/@ckeditor/ckeditor5-list/-/ckeditor5-list-38.0.1.tgz",
            "integrity": "sha512-MK2pq2bpq/8bW4WZsiCizEVcJVOlpryYjQNIdGo632ayl+zrttJuxJSCJkOjQpqBlXTmCunG9i+Vxe+uvm/k1w==",
            "dependencies": {
                "@ckeditor/ckeditor5-ui": "^38.0.1",
                "ckeditor5": "^38.0.1"
            },
            "engines": {
                "node": ">=16.0.0",
                "npm": ">=5.7.1"
            }
        },
        "node_modules/@ckeditor/ckeditor5-media-embed": {
            "version": "38.0.1",
            "resolved": "https://registry.npmjs.org/@ckeditor/ckeditor5-media-embed/-/ckeditor5-media-embed-38.0.1.tgz",
            "integrity": "sha512-U2Pro11nPkGGVZPd7Md2Okr6Vqm0E1/fBPxZy5sX7WUO7JJxUw2o3lcWFM0X8kln3ZljbWPstffWwI+iloN3TQ==",
            "dependencies": {
                "@ckeditor/ckeditor5-ui": "^38.0.1",
                "ckeditor5": "^38.0.1"
            },
            "engines": {
                "node": ">=16.0.0",
                "npm": ">=5.7.1"
            }
        },
        "node_modules/@ckeditor/ckeditor5-paragraph": {
            "version": "38.0.1",
            "resolved": "https://registry.npmjs.org/@ckeditor/ckeditor5-paragraph/-/ckeditor5-paragraph-38.0.1.tgz",
            "integrity": "sha512-LgI/NhWT8F8ntmzhGfhY/SP50jBMcm5IEGHslFceYhvPijOYldm+R+Ip2kjkJJDWR+PcgS3QRZLx60qMJLXxqA==",
            "dependencies": {
                "@ckeditor/ckeditor5-core": "^38.0.1",
                "@ckeditor/ckeditor5-ui": "^38.0.1",
                "@ckeditor/ckeditor5-utils": "^38.0.1"
            },
            "engines": {
                "node": ">=16.0.0",
                "npm": ">=5.7.1"
            }
        },
        "node_modules/@ckeditor/ckeditor5-paste-from-office": {
            "version": "38.0.1",
            "resolved": "https://registry.npmjs.org/@ckeditor/ckeditor5-paste-from-office/-/ckeditor5-paste-from-office-38.0.1.tgz",
            "integrity": "sha512-BRIwDkQhbSUFo4v1HDK02CtfQUFpsgc+nIo1/XBmZXVNksGUr2+Pz2KrtAkblQygU2MsKPzBWtTzT5X2qzgx1Q==",
            "dependencies": {
                "ckeditor5": "^38.0.1"
            },
            "engines": {
                "node": ">=16.0.0",
                "npm": ">=5.7.1"
            }
        },
        "node_modules/@ckeditor/ckeditor5-select-all": {
            "version": "38.0.1",
            "resolved": "https://registry.npmjs.org/@ckeditor/ckeditor5-select-all/-/ckeditor5-select-all-38.0.1.tgz",
            "integrity": "sha512-rFkeA27Poa3PzjpBP8f5hiQY0/81yzYDF2Zz6Zfah9yN103A6e+CXUBoo/BfBH6wBDFNJHG7/7sKL99AMJvmLQ==",
            "dependencies": {
                "@ckeditor/ckeditor5-core": "^38.0.1",
                "@ckeditor/ckeditor5-ui": "^38.0.1",
                "@ckeditor/ckeditor5-utils": "^38.0.1"
            },
            "engines": {
                "node": ">=16.0.0",
                "npm": ">=5.7.1"
            }
        },
        "node_modules/@ckeditor/ckeditor5-table": {
            "version": "38.0.1",
            "resolved": "https://registry.npmjs.org/@ckeditor/ckeditor5-table/-/ckeditor5-table-38.0.1.tgz",
            "integrity": "sha512-GWlS0EzeEAvGzMjLtydqGvLP1G8OSpR/PDYEzTFzVXTVzWN0P0nI/aCdkLDb/rfRe03Yszb7bKupl9PyK+kDQQ==",
            "dependencies": {
                "ckeditor5": "^38.0.1",
                "lodash-es": "^4.17.15"
            },
            "engines": {
                "node": ">=16.0.0",
                "npm": ">=5.7.1"
            }
        },
        "node_modules/@ckeditor/ckeditor5-typing": {
            "version": "38.0.1",
            "resolved": "https://registry.npmjs.org/@ckeditor/ckeditor5-typing/-/ckeditor5-typing-38.0.1.tgz",
            "integrity": "sha512-717JKThNYRkLxH4L/5AGDqexFc8L2rvkFMbflQSvGRhPpl5d40o+DAduTENkMN0WWuFTovAYDjEwMrjjbUKO7w==",
            "dependencies": {
                "@ckeditor/ckeditor5-core": "^38.0.1",
                "@ckeditor/ckeditor5-engine": "^38.0.1",
                "@ckeditor/ckeditor5-utils": "^38.0.1",
                "lodash-es": "^4.17.15"
            },
            "engines": {
                "node": ">=16.0.0",
                "npm": ">=5.7.1"
            }
        },
        "node_modules/@ckeditor/ckeditor5-ui": {
            "version": "38.0.1",
            "resolved": "https://registry.npmjs.org/@ckeditor/ckeditor5-ui/-/ckeditor5-ui-38.0.1.tgz",
            "integrity": "sha512-7ufB/DkIkkJDFAmSMVc5FgohxLs02+s2KAAlIoCopA+6nPTnJEQjIoHgFaqB28QTW6C9z5VSE21lpHwz+zb/fg==",
            "dependencies": {
                "@ckeditor/ckeditor5-core": "^38.0.1",
                "@ckeditor/ckeditor5-utils": "^38.0.1",
                "color-convert": "2.0.1",
                "color-parse": "1.4.2",
                "lodash-es": "^4.17.15",
                "vanilla-colorful": "0.7.2"
            },
            "engines": {
                "node": ">=16.0.0",
                "npm": ">=5.7.1"
            }
        },
        "node_modules/@ckeditor/ckeditor5-undo": {
            "version": "38.0.1",
            "resolved": "https://registry.npmjs.org/@ckeditor/ckeditor5-undo/-/ckeditor5-undo-38.0.1.tgz",
            "integrity": "sha512-nd6jlycoNYguJpiLEqc5wzFV6VE7y2Bieop9pn//ak0uiTHuup81sZH3aHCw2c/2Qq46O8k5eqoYgeB1Pm2+WQ==",
            "dependencies": {
                "@ckeditor/ckeditor5-core": "^38.0.1",
                "@ckeditor/ckeditor5-engine": "^38.0.1",
                "@ckeditor/ckeditor5-ui": "^38.0.1"
            },
            "engines": {
                "node": ">=16.0.0",
                "npm": ">=5.7.1"
            }
        },
        "node_modules/@ckeditor/ckeditor5-upload": {
            "version": "38.0.1",
            "resolved": "https://registry.npmjs.org/@ckeditor/ckeditor5-upload/-/ckeditor5-upload-38.0.1.tgz",
            "integrity": "sha512-vwcs5DZcjDW3ynnCVMXjHWCpLBZ9r544tlo5Gbe287X253vMAse2DDJ9pD9KYqPv1k3QNGaKRa4CtjuKarpUWw==",
            "dependencies": {
                "@ckeditor/ckeditor5-core": "^38.0.1",
                "@ckeditor/ckeditor5-ui": "^38.0.1",
                "@ckeditor/ckeditor5-utils": "^38.0.1"
            },
            "engines": {
                "node": ">=16.0.0",
                "npm": ">=5.7.1"
            }
        },
        "node_modules/@ckeditor/ckeditor5-utils": {
            "version": "38.0.1",
            "resolved": "https://registry.npmjs.org/@ckeditor/ckeditor5-utils/-/ckeditor5-utils-38.0.1.tgz",
            "integrity": "sha512-biJ7yBUSumPDPq14FvZFW4+lHD2LfcZLWgJ7KesoseSOo2BgXAznUGozndEgeHYlnevs9bJAjQOGlTd5bYOW0w==",
            "dependencies": {
                "lodash-es": "^4.17.15"
            },
            "engines": {
                "node": ">=16.0.0",
                "npm": ">=5.7.1"
            }
        },
        "node_modules/@ckeditor/ckeditor5-watchdog": {
            "version": "38.0.1",
            "resolved": "https://registry.npmjs.org/@ckeditor/ckeditor5-watchdog/-/ckeditor5-watchdog-38.0.1.tgz",
            "integrity": "sha512-Q2QeUbDpoA4gIYpd0BicnP0k7ZxuY09x6+8AYNG45xI9NvcFhyyry/dw41AwFmqcZbU3NfPxV47vJzIQ2ZOqQg==",
            "dependencies": {
                "lodash-es": "^4.17.15"
            },
            "engines": {
                "node": ">=16.0.0",
                "npm": ">=5.7.1"
            }
        },
        "node_modules/@ckeditor/ckeditor5-widget": {
            "version": "38.0.1",
            "resolved": "https://registry.npmjs.org/@ckeditor/ckeditor5-widget/-/ckeditor5-widget-38.0.1.tgz",
            "integrity": "sha512-2XxSXzS9doFWGX7Lb5U5+sLr6tJQOUP17lGBC2PwaNPfZWTk73ibq3vUlboAJJB5Hv3JrIa971KH6rcFIdr1Hg==",
            "dependencies": {
                "@ckeditor/ckeditor5-core": "^38.0.1",
                "@ckeditor/ckeditor5-engine": "^38.0.1",
                "@ckeditor/ckeditor5-enter": "^38.0.1",
                "@ckeditor/ckeditor5-typing": "^38.0.1",
                "@ckeditor/ckeditor5-ui": "^38.0.1",
                "@ckeditor/ckeditor5-utils": "^38.0.1",
                "lodash-es": "^4.17.15"
            },
            "engines": {
                "node": ">=16.0.0",
                "npm": ">=5.7.1"
            }
        },
        "node_modules/@esbuild/linux-x64": {
            "version": "0.17.19",
            "cpu": [
                "x64"
            ],
            "dev": true,
            "license": "MIT",
            "optional": true,
            "os": [
                "linux"
            ],
            "engines": {
                "node": ">=12"
            }
        },
        "node_modules/@hotwired/stimulus": {
            "version": "3.2.1",
            "license": "MIT"
        },
        "node_modules/@hotwired/turbo": {
            "version": "7.3.0",
            "dev": true,
            "license": "MIT",
            "engines": {
                "node": ">= 14"
            }
        },
        "node_modules/@popperjs/core": {
            "version": "2.11.8",
            "license": "MIT",
            "funding": {
                "type": "opencollective",
                "url": "https://opencollective.com/popperjs"
            }
        },
        "node_modules/@types/express-serve-static-core": {
            "version": "4.17.28",
            "dev": true,
            "license": "MIT",
            "dependencies": {
                "@types/node": "*",
                "@types/qs": "*",
                "@types/range-parser": "*"
            }
        },
        "node_modules/@types/node": {
            "version": "14.18.48",
            "dev": true,
            "license": "MIT"
        },
        "node_modules/@types/qs": {
            "version": "6.9.7",
            "dev": true,
            "license": "MIT"
        },
        "node_modules/@types/range-parser": {
            "version": "1.2.4",
            "dev": true,
            "license": "MIT"
        },
        "node_modules/anymatch": {
            "version": "3.1.3",
            "license": "ISC",
            "dependencies": {
                "normalize-path": "^3.0.0",
                "picomatch": "^2.0.4"
            },
            "engines": {
                "node": ">= 8"
            }
        },
        "node_modules/asynckit": {
            "version": "0.4.0",
            "dev": true,
            "license": "MIT"
        },
        "node_modules/axios": {
            "version": "1.4.0",
            "dev": true,
            "license": "MIT",
            "dependencies": {
                "follow-redirects": "^1.15.0",
                "form-data": "^4.0.0",
                "proxy-from-env": "^1.1.0"
            }
        },
        "node_modules/binary-extensions": {
            "version": "2.2.0",
            "license": "MIT",
            "engines": {
                "node": ">=8"
            }
        },
        "node_modules/bootstrap": {
            "version": "5.3.0",
            "funding": [
                {
                    "type": "github",
                    "url": "https://github.com/sponsors/twbs"
                },
                {
                    "type": "opencollective",
                    "url": "https://opencollective.com/bootstrap"
                }
            ],
            "license": "MIT",
            "peerDependencies": {
                "@popperjs/core": "^2.11.7"
            }
        },
        "node_modules/braces": {
            "version": "3.0.2",
            "license": "MIT",
            "dependencies": {
                "fill-range": "^7.0.1"
            },
            "engines": {
                "node": ">=8"
            }
        },
        "node_modules/chokidar": {
            "version": "3.5.3",
            "funding": [
                {
                    "type": "individual",
                    "url": "https://paulmillr.com/funding/"
                }
            ],
            "license": "MIT",
            "dependencies": {
                "anymatch": "~3.1.2",
                "braces": "~3.0.2",
                "glob-parent": "~5.1.2",
                "is-binary-path": "~2.1.0",
                "is-glob": "~4.0.1",
                "normalize-path": "~3.0.0",
                "readdirp": "~3.6.0"
            },
            "engines": {
                "node": ">= 8.10.0"
            },
            "optionalDependencies": {
                "fsevents": "~2.3.2"
            }
        },
        "node_modules/ckeditor5": {
            "version": "38.0.1",
            "resolved": "https://registry.npmjs.org/ckeditor5/-/ckeditor5-38.0.1.tgz",
            "integrity": "sha512-r1axtjYlQZxcyWyF9vbiPiZYZSYBd40ITlo6gC7L5bOLSlFNreEif7b7IRKg4e5aGn4c1FopTk7WoLsZ/CnSoA==",
            "dependencies": {
                "@ckeditor/ckeditor5-clipboard": "^38.0.1",
                "@ckeditor/ckeditor5-core": "^38.0.1",
                "@ckeditor/ckeditor5-engine": "^38.0.1",
                "@ckeditor/ckeditor5-enter": "^38.0.1",
                "@ckeditor/ckeditor5-paragraph": "^38.0.1",
                "@ckeditor/ckeditor5-select-all": "^38.0.1",
                "@ckeditor/ckeditor5-typing": "^38.0.1",
                "@ckeditor/ckeditor5-ui": "^38.0.1",
                "@ckeditor/ckeditor5-undo": "^38.0.1",
                "@ckeditor/ckeditor5-upload": "^38.0.1",
                "@ckeditor/ckeditor5-utils": "^38.0.1",
                "@ckeditor/ckeditor5-watchdog": "^38.0.1",
                "@ckeditor/ckeditor5-widget": "^38.0.1"
            },
            "engines": {
                "node": ">=16.0.0",
                "npm": ">=5.7.1"
            }
        },
        "node_modules/color-convert": {
            "version": "2.0.1",
            "resolved": "https://registry.npmjs.org/color-convert/-/color-convert-2.0.1.tgz",
            "integrity": "sha512-RRECPsj7iu/xb5oKYcsFHSppFNnsj/52OVTRKb4zP5onXwVF3zVmmToNcOfGC+CRDpfK/U584fMg38ZHCaElKQ==",
            "dependencies": {
                "color-name": "~1.1.4"
            },
            "engines": {
                "node": ">=7.0.0"
            }
        },
        "node_modules/color-name": {
            "version": "1.1.4",
            "resolved": "https://registry.npmjs.org/color-name/-/color-name-1.1.4.tgz",
            "integrity": "sha512-dOy+3AuW3a2wNbZHIuMZpTcgjGuLU/uBL/ubcZF9OXbDo8ff4O8yVp5Bf0efS8uEoYo5q4Fx7dY9OgQGXgAsQA=="
        },
        "node_modules/color-parse": {
            "version": "1.4.2",
            "resolved": "https://registry.npmjs.org/color-parse/-/color-parse-1.4.2.tgz",
            "integrity": "sha512-RI7s49/8yqDj3fECFZjUI1Yi0z/Gq1py43oNJivAIIDSyJiOZLfYCRQEgn8HEVAj++PcRe8AnL2XF0fRJ3BTnA==",
            "dependencies": {
                "color-name": "^1.0.0"
            }
        },
        "node_modules/combined-stream": {
            "version": "1.0.8",
            "dev": true,
            "license": "MIT",
            "dependencies": {
                "delayed-stream": "~1.0.0"
            },
            "engines": {
                "node": ">= 0.8"
            }
        },
        "node_modules/delayed-stream": {
            "version": "1.0.0",
            "dev": true,
            "license": "MIT",
            "engines": {
                "node": ">=0.4.0"
            }
        },
        "node_modules/esbuild": {
            "version": "0.17.19",
            "dev": true,
            "hasInstallScript": true,
            "license": "MIT",
            "bin": {
                "esbuild": "bin/esbuild"
            },
            "engines": {
                "node": ">=12"
            },
            "optionalDependencies": {
                "@esbuild/android-arm": "0.17.19",
                "@esbuild/android-arm64": "0.17.19",
                "@esbuild/android-x64": "0.17.19",
                "@esbuild/darwin-arm64": "0.17.19",
                "@esbuild/darwin-x64": "0.17.19",
                "@esbuild/freebsd-arm64": "0.17.19",
                "@esbuild/freebsd-x64": "0.17.19",
                "@esbuild/linux-arm": "0.17.19",
                "@esbuild/linux-arm64": "0.17.19",
                "@esbuild/linux-ia32": "0.17.19",
                "@esbuild/linux-loong64": "0.17.19",
                "@esbuild/linux-mips64el": "0.17.19",
                "@esbuild/linux-ppc64": "0.17.19",
                "@esbuild/linux-riscv64": "0.17.19",
                "@esbuild/linux-s390x": "0.17.19",
                "@esbuild/linux-x64": "0.17.19",
                "@esbuild/netbsd-x64": "0.17.19",
                "@esbuild/openbsd-x64": "0.17.19",
                "@esbuild/sunos-x64": "0.17.19",
                "@esbuild/win32-arm64": "0.17.19",
                "@esbuild/win32-ia32": "0.17.19",
                "@esbuild/win32-x64": "0.17.19"
            }
        },
        "node_modules/filepond": {
            "version": "4.30.4",
            "resolved": "https://registry.npmjs.org/filepond/-/filepond-4.30.4.tgz",
            "integrity": "sha512-FCwsMvG9iiEs6uobdDrTaKsCgsqys0NuLgPPD8n37AYVYBiiDkrPkk9MSIU5rT2FahYcL1bScYI9huIPtlzqyA=="
        },
        "node_modules/filepond-plugin-file-validate-type": {
            "version": "1.2.8",
            "resolved": "https://registry.npmjs.org/filepond-plugin-file-validate-type/-/filepond-plugin-file-validate-type-1.2.8.tgz",
            "integrity": "sha512-UBTqIWbk5+5R0GBELI8svu01MHWjFSLfc9DfCMvFtHKXLdJMxY1p37ChC4YKQjhfODaTuvLnNVRsukMGMFZBBg==",
            "peerDependencies": {
                "filepond": ">=1.x <5.x"
            }
        },
        "node_modules/filepond-plugin-image-exif-orientation": {
            "version": "1.0.11",
            "resolved": "https://registry.npmjs.org/filepond-plugin-image-exif-orientation/-/filepond-plugin-image-exif-orientation-1.0.11.tgz",
            "integrity": "sha512-hLBc12Fk6Zkj3L8mSAn+elugHOqT5rLUbgVXQQIQjMe0FsGjtpoxqeVR6jt4IWHGat2L9sFAgU2TGmd1mqosCg==",
            "peerDependencies": {
                "filepond": ">=3.x <5.x"
            }
        },
        "node_modules/filepond-plugin-image-preview": {
            "version": "4.6.11",
            "resolved": "https://registry.npmjs.org/filepond-plugin-image-preview/-/filepond-plugin-image-preview-4.6.11.tgz",
            "integrity": "sha512-0EmQ9HnOb/X0xc5rLcNRhhmdUbp7oiicRwQrcr90ZfVmPJOOZoX3ZGUEsEPj7luMI55huguhcVozdESxtqnuRw==",
            "peerDependencies": {
                "filepond": ">=4.x <5.x"
            }
        },
        "node_modules/filepond-plugin-image-validate-size": {
            "version": "1.2.7",
            "resolved": "https://registry.npmjs.org/filepond-plugin-image-validate-size/-/filepond-plugin-image-validate-size-1.2.7.tgz",
            "integrity": "sha512-Sxu2XTbQHf9HRWu+AQg6zJkww0O6hTXq9IX5/SAJLuvohpF23XTzCNg+29KXr4Wulm70/jSSpMcJURn9AU72rA==",
            "peerDependencies": {
                "filepond": ">=1.8.x <5.x"
            }
        },
        "node_modules/fill-range": {
            "version": "7.0.1",
            "license": "MIT",
            "dependencies": {
                "to-regex-range": "^5.0.1"
            },
            "engines": {
                "node": ">=8"
            }
        },
        "node_modules/follow-redirects": {
            "version": "1.15.2",
            "dev": true,
            "funding": [
                {
                    "type": "individual",
                    "url": "https://github.com/sponsors/RubenVerborgh"
                }
            ],
            "license": "MIT",
            "engines": {
                "node": ">=4.0"
            },
            "peerDependenciesMeta": {
                "debug": {
                    "optional": true
                }
            }
        },
        "node_modules/form-data": {
            "version": "4.0.0",
            "dev": true,
            "license": "MIT",
            "dependencies": {
                "asynckit": "^0.4.0",
                "combined-stream": "^1.0.8",
                "mime-types": "^2.1.12"
            },
            "engines": {
                "node": ">= 6"
            }
        },
        "node_modules/fsevents": {
            "version": "2.3.2",
            "resolved": "https://registry.npmjs.org/fsevents/-/fsevents-2.3.2.tgz",
            "integrity": "sha512-xiqMQR4xAeHTuB9uWm+fFRcIOgKBMiOBP+eXiyT7jsgVCq1bkVygt00oASowB7EdtpOHaaPgKt812P9ab+DDKA==",
            "hasInstallScript": true,
            "optional": true,
            "os": [
                "darwin"
            ],
            "engines": {
                "node": "^8.16.0 || ^10.6.0 || >=11.0.0"
            }
        },
        "node_modules/glob-parent": {
            "version": "5.1.2",
            "license": "ISC",
            "dependencies": {
                "is-glob": "^4.0.1"
            },
            "engines": {
                "node": ">= 6"
            }
        },
        "node_modules/hotkeys-js": {
            "version": "3.10.2",
            "resolved": "https://registry.npmjs.org/hotkeys-js/-/hotkeys-js-3.10.2.tgz",
            "integrity": "sha512-Z6vLmJTYzkbZZXlBkhrYB962Q/rZGc/WHQiyEGu9ZZVF7bAeFDjjDa31grWREuw9Ygb4zmlov2bTkPYqj0aFnQ==",
            "peer": true
        },
        "node_modules/immutable": {
            "version": "4.3.0",
            "license": "MIT"
        },
        "node_modules/is-binary-path": {
            "version": "2.1.0",
            "license": "MIT",
            "dependencies": {
                "binary-extensions": "^2.0.0"
            },
            "engines": {
                "node": ">=8"
            }
        },
        "node_modules/is-extglob": {
            "version": "2.1.1",
            "license": "MIT",
            "engines": {
                "node": ">=0.10.0"
            }
        },
        "node_modules/is-glob": {
            "version": "4.0.3",
            "license": "MIT",
            "dependencies": {
                "is-extglob": "^2.1.1"
            },
            "engines": {
                "node": ">=0.10.0"
            }
        },
        "node_modules/is-number": {
            "version": "7.0.0",
            "license": "MIT",
            "engines": {
                "node": ">=0.12.0"
            }
        },
        "node_modules/izitoast": {
            "version": "1.4.0",
            "resolved": "https://registry.npmjs.org/izitoast/-/izitoast-1.4.0.tgz",
            "integrity": "sha512-Oc1X2wiQtPp39i5VpIjf3GJf5sfCtHKXZ5szx7RareyEeFLUlcEW0FSfBni28+Ul6KNKZRKzhVuWzSP4Xngh0w=="
        },
        "node_modules/laravel-echo": {
            "version": "1.15.1",
            "dev": true,
            "license": "MIT",
            "engines": {
                "node": ">=10"
            }
        },
        "node_modules/laravel-vite-plugin": {
            "version": "0.7.8",
            "dev": true,
            "license": "MIT",
            "dependencies": {
                "picocolors": "^1.0.0",
                "vite-plugin-full-reload": "^1.0.5"
            },
            "engines": {
                "node": ">=14"
            },
            "peerDependencies": {
                "vite": "^3.0.0 || ^4.0.0"
            }
        },
        "node_modules/lodash": {
            "version": "4.17.21",
            "dev": true,
            "license": "MIT"
        },
        "node_modules/lodash-es": {
            "version": "4.17.21",
            "resolved": "https://registry.npmjs.org/lodash-es/-/lodash-es-4.17.21.tgz",
            "integrity": "sha512-mKnC+QJ9pWVzv+C4/U3rRsHapFfHvQFoFB92e52xeyGMcX6/OlIl78je1u8vePzYZSkkogMPJ2yjxxsb89cxyw=="
        },
        "node_modules/mime-db": {
            "version": "1.52.0",
            "dev": true,
            "license": "MIT",
            "engines": {
                "node": ">= 0.6"
            }
        },
        "node_modules/mime-types": {
            "version": "2.1.35",
            "dev": true,
            "license": "MIT",
            "dependencies": {
                "mime-db": "1.52.0"
            },
            "engines": {
                "node": ">= 0.6"
            }
        },
        "node_modules/nanoid": {
            "version": "3.3.6",
            "dev": true,
            "funding": [
                {
                    "type": "github",
                    "url": "https://github.com/sponsors/ai"
                }
            ],
            "license": "MIT",
            "bin": {
                "nanoid": "bin/nanoid.cjs"
            },
            "engines": {
                "node": "^10 || ^12 || ^13.7 || ^14 || >=15.0.1"
            }
        },
        "node_modules/normalize-path": {
            "version": "3.0.0",
            "license": "MIT",
            "engines": {
                "node": ">=0.10.0"
            }
        },
        "node_modules/picocolors": {
            "version": "1.0.0",
            "dev": true,
            "license": "ISC"
        },
        "node_modules/picomatch": {
            "version": "2.3.1",
            "license": "MIT",
            "engines": {
                "node": ">=8.6"
            },
            "funding": {
                "url": "https://github.com/sponsors/jonschlinkert"
            }
        },
        "node_modules/postcss": {
            "version": "8.4.24",
            "dev": true,
            "funding": [
                {
                    "type": "opencollective",
                    "url": "https://opencollective.com/postcss/"
                },
                {
                    "type": "tidelift",
                    "url": "https://tidelift.com/funding/github/npm/postcss"
                },
                {
                    "type": "github",
                    "url": "https://github.com/sponsors/ai"
                }
            ],
            "license": "MIT",
            "dependencies": {
                "nanoid": "^3.3.6",
                "picocolors": "^1.0.0",
                "source-map-js": "^1.0.2"
            },
            "engines": {
                "node": "^10 || ^12 || >=14"
            }
        },
        "node_modules/proxy-from-env": {
            "version": "1.1.0",
            "dev": true,
            "license": "MIT"
        },
        "node_modules/pusher-js": {
            "version": "8.0.2",
            "dev": true,
            "license": "MIT",
            "dependencies": {
                "@types/express-serve-static-core": "4.17.28",
                "@types/node": "^14.14.31",
                "tweetnacl": "^1.0.3"
            }
        },
        "node_modules/readdirp": {
            "version": "3.6.0",
            "license": "MIT",
            "dependencies": {
                "picomatch": "^2.2.1"
            },
            "engines": {
                "node": ">=8.10.0"
            }
        },
        "node_modules/rollup": {
            "version": "3.23.1",
            "dev": true,
            "license": "MIT",
            "bin": {
                "rollup": "dist/bin/rollup"
            },
            "engines": {
                "node": ">=14.18.0",
                "npm": ">=8.0.0"
            },
            "optionalDependencies": {
                "fsevents": "~2.3.2"
            }
        },
        "node_modules/sass": {
            "version": "1.62.1",
            "license": "MIT",
            "dependencies": {
                "chokidar": ">=3.0.0 <4.0.0",
                "immutable": "^4.0.0",
                "source-map-js": ">=0.6.2 <2.0.0"
            },
            "bin": {
                "sass": "sass.js"
            },
            "engines": {
                "node": ">=14.0.0"
            }
        },
        "node_modules/source-map-js": {
            "version": "1.0.2",
            "license": "BSD-3-Clause",
            "engines": {
                "node": ">=0.10.0"
            }
        },
        "node_modules/stimulus-use": {
            "version": "0.52.0",
            "resolved": "https://registry.npmjs.org/stimulus-use/-/stimulus-use-0.52.0.tgz",
            "integrity": "sha512-b2Z2krSSIqKvG9ncrjMlxbX3SYg9mgL0g/1Zc25jTZjTr0//wgg7szUi9G67amBs/yLqO12GAEnudybZgYNnjA==",
            "peerDependencies": {
                "@hotwired/stimulus": ">= 3",
                "hotkeys-js": ">= 3"
            }
        },
        "node_modules/sweetalert2": {
            "version": "11.7.12",
            "resolved": "https://registry.npmjs.org/sweetalert2/-/sweetalert2-11.7.12.tgz",
            "integrity": "sha512-TQJy8mQymJLzqWPQOMQErd81Zd/rSYr0UL4pEc7bqEihtjS+zt7LWJXLhfPp93e+Hf3Z2FHMB6QGNskAMCsdTg==",
            "funding": {
                "type": "individual",
                "url": "https://github.com/sponsors/limonte"
            }
        },
        "node_modules/to-regex-range": {
            "version": "5.0.1",
            "license": "MIT",
            "dependencies": {
                "is-number": "^7.0.0"
            },
            "engines": {
                "node": ">=8.0"
            }
        },
        "node_modules/tweetnacl": {
            "version": "1.0.3",
            "dev": true,
            "license": "Unlicense"
        },
        "node_modules/vanilla-colorful": {
            "version": "0.7.2",
            "resolved": "https://registry.npmjs.org/vanilla-colorful/-/vanilla-colorful-0.7.2.tgz",
            "integrity": "sha512-z2YZusTFC6KnLERx1cgoIRX2CjPRP0W75N+3CC6gbvdX5Ch47rZkEMGO2Xnf+IEmi3RiFLxS18gayMA27iU7Kg=="
        },
        "node_modules/vite": {
            "version": "4.3.9",
            "resolved": "https://registry.npmjs.org/vite/-/vite-4.3.9.tgz",
            "integrity": "sha512-qsTNZjO9NoJNW7KnOrgYwczm0WctJ8m/yqYAMAK9Lxt4SoySUfS5S8ia9K7JHpa3KEeMfyF8LoJ3c5NeBJy6pg==",
            "dev": true,
            "dependencies": {
                "esbuild": "^0.17.5",
                "postcss": "^8.4.23",
                "rollup": "^3.21.0"
            },
            "bin": {
                "vite": "bin/vite.js"
            },
            "engines": {
                "node": "^14.18.0 || >=16.0.0"
            },
            "optionalDependencies": {
                "fsevents": "~2.3.2"
            },
            "peerDependencies": {
                "@types/node": ">= 14",
                "less": "*",
                "sass": "*",
                "stylus": "*",
                "sugarss": "*",
                "terser": "^5.4.0"
            },
            "peerDependenciesMeta": {
                "@types/node": {
                    "optional": true
                },
                "less": {
                    "optional": true
                },
                "sass": {
                    "optional": true
                },
                "stylus": {
                    "optional": true
                },
                "sugarss": {
                    "optional": true
                },
                "terser": {
                    "optional": true
                }
            }
        },
        "node_modules/vite-plugin-full-reload": {
            "version": "1.0.5",
            "dev": true,
            "license": "MIT",
            "dependencies": {
                "picocolors": "^1.0.0",
                "picomatch": "^2.3.1"
            },
            "peerDependencies": {
                "vite": "^2 || ^3 || ^4"
            }
        }
    }
}
